
Microsoft Visual Studio Solution File, Format Version 12.00
# Visual Studio Version 17
VisualStudioVersion = 17.7.34009.444
MinimumVisualStudioVersion = 10.0.40219.1
Project("{FAE04EC0-301F-11D3-BF4B-00C04F79EFBC}") = "Identity.API", "Identity.API\Identity.API.csproj", "{1EF339B3-6E57-4C3E-90C1-96FE3DF7B8A6}"
EndProject
Project("{2150E333-8FDC-42A3-9474-1A3956D46DE8}") = "src", "src", "{A80B7B8E-20A9-4BED-9633-BCF06468329D}"
EndProject
Project("{2150E333-8FDC-42A3-9474-1A3956D46DE8}") = "Examination", "Examination", "{BC806584-2209-45FF-B479-5AAFC501B014}"
EndProject
Project("{FAE04EC0-301F-11D3-BF4B-00C04F79EFBC}") = "Examination.API", "Examination.API\Examination.API.csproj", "{297CBBA6-ECCB-47B9-8060-654A3B256CA8}"
EndProject
Project("{FAE04EC0-301F-11D3-BF4B-00C04F79EFBC}") = "Examination.Application", "Examination.Application\Examination.Application.csproj", "{34CD7951-56F8-4A68-BC0C-45C94B8E4B21}"
EndProject
Project("{FAE04EC0-301F-11D3-BF4B-00C04F79EFBC}") = "Examination.Domain", "Examination.Domain\Examination.Domain.csproj", "{DE4CE8FE-DA0E-41AF-8B05-D54B998798D6}"
EndProject
Project("{FAE04EC0-301F-11D3-BF4B-00C04F79EFBC}") = "Examination.Infrastructure", "Examination.Infrastructure\Examination.Infrastructure.csproj", "{4F03BA42-7B5A-415F-9687-FEA404C47CC5}"
EndProject
Project("{2150E333-8FDC-42A3-9474-1A3956D46DE8}") = "tests", "tests", "{14C093F7-820D-4313-9AF1-1BA6BE17CB9B}"
EndProject
Project("{2150E333-8FDC-42A3-9474-1A3956D46DE8}") = "Examination", "Examination", "{FFED973C-8342-49D3-B8F3-434F73046DB4}"
EndProject
Project("{FAE04EC0-301F-11D3-BF4B-00C04F79EFBC}") = "Examination.Infrastructure.IntergrationTests", "Examination.Infrastructure.IntergrationTests\Examination.Infrastructure.IntergrationTests.csproj", "{AE057AF1-A72C-4E17-BA58-7F689F5656E9}"
EndProject
Project("{FAE04EC0-301F-11D3-BF4B-00C04F79EFBC}") = "Examination.Application.UnitTests", "Examination.Application.UnitTests\Examination.Application.UnitTests.csproj", "{9A75F304-AF7C-4609-930B-96847B193A6A}"
EndProject
Project("{FAE04EC0-301F-11D3-BF4B-00C04F79EFBC}") = "Examination.Domain.UnitTests", "Examination.Domain.UnitTests\Examination.Domain.UnitTests.csproj", "{178255DB-5856-40FF-A2FA-D4B483F8CD79}"
EndProject
Project("{2150E333-8FDC-42A3-9474-1A3956D46DE8}") = "Identity", "Identity", "{AA032824-EC5A-469F-A2E8-4EF84A928E86}"
EndProject
Project("{2150E333-8FDC-42A3-9474-1A3956D46DE8}") = "Identity", "Identity", "{832F591E-E0CB-4278-A6DC-40270E516F90}"
EndProject
Project("{FAE04EC0-301F-11D3-BF4B-00C04F79EFBC}") = "Identity.API.IntegrationTests", "Identity.API.IntegrationTests\Identity.API.IntegrationTests.csproj", "{848668A7-04F7-4D0F-9571-5647C2381BA3}"
EndProject
Global
	GlobalSection(SolutionConfigurationPlatforms) = preSolution
		Debug|Any CPU = Debug|Any CPU
		Release|Any CPU = Release|Any CPU
	EndGlobalSection
	GlobalSection(ProjectConfigurationPlatforms) = postSolution
		{1EF339B3-6E57-4C3E-90C1-96FE3DF7B8A6}.Debug|Any CPU.ActiveCfg = Debug|Any CPU
		{1EF339B3-6E57-4C3E-90C1-96FE3DF7B8A6}.Debug|Any CPU.Build.0 = Debug|Any CPU
		{1EF339B3-6E57-4C3E-90C1-96FE3DF7B8A6}.Release|Any CPU.ActiveCfg = Release|Any CPU
		{1EF339B3-6E57-4C3E-90C1-96FE3DF7B8A6}.Release|Any CPU.Build.0 = Release|Any CPU
		{297CBBA6-ECCB-47B9-8060-654A3B256CA8}.Debug|Any CPU.ActiveCfg = Debug|Any CPU
		{297CBBA6-ECCB-47B9-8060-654A3B256CA8}.Debug|Any CPU.Build.0 = Debug|Any CPU
		{297CBBA6-ECCB-47B9-8060-654A3B256CA8}.Release|Any CPU.ActiveCfg = Release|Any CPU
		{297CBBA6-ECCB-47B9-8060-654A3B256CA8}.Release|Any CPU.Build.0 = Release|Any CPU
		{34CD7951-56F8-4A68-BC0C-45C94B8E4B21}.Debug|Any CPU.ActiveCfg = Debug|Any CPU
		{34CD7951-56F8-4A68-BC0C-45C94B8E4B21}.Debug|Any CPU.Build.0 = Debug|Any CPU
		{34CD7951-56F8-4A68-BC0C-45C94B8E4B21}.Release|Any CPU.ActiveCfg = Release|Any CPU
		{34CD7951-56F8-4A68-BC0C-45C94B8E4B21}.Release|Any CPU.Build.0 = Release|Any CPU
		{DE4CE8FE-DA0E-41AF-8B05-D54B998798D6}.Debug|Any CPU.ActiveCfg = Debug|Any CPU
		{DE4CE8FE-DA0E-41AF-8B05-D54B998798D6}.Debug|Any CPU.Build.0 = Debug|Any CPU
		{DE4CE8FE-DA0E-41AF-8B05-D54B998798D6}.Release|Any CPU.ActiveCfg = Release|Any CPU
		{DE4CE8FE-DA0E-41AF-8B05-D54B998798D6}.Release|Any CPU.Build.0 = Release|Any CPU
		{4F03BA42-7B5A-415F-9687-FEA404C47CC5}.Debug|Any CPU.ActiveCfg = Debug|Any CPU
		{4F03BA42-7B5A-415F-9687-FEA404C47CC5}.Debug|Any CPU.Build.0 = Debug|Any CPU
		{4F03BA42-7B5A-415F-9687-FEA404C47CC5}.Release|Any CPU.ActiveCfg = Release|Any CPU
		{4F03BA42-7B5A-415F-9687-FEA404C47CC5}.Release|Any CPU.Build.0 = Release|Any CPU
		{AE057AF1-A72C-4E17-BA58-7F689F5656E9}.Debug|Any CPU.ActiveCfg = Debug|Any CPU
		{AE057AF1-A72C-4E17-BA58-7F689F5656E9}.Debug|Any CPU.Build.0 = Debug|Any CPU
		{AE057AF1-A72C-4E17-BA58-7F689F5656E9}.Release|Any CPU.ActiveCfg = Release|Any CPU
		{AE057AF1-A72C-4E17-BA58-7F689F5656E9}.Release|Any CPU.Build.0 = Release|Any CPU
		{9A75F304-AF7C-4609-930B-96847B193A6A}.Debug|Any CPU.ActiveCfg = Debug|Any CPU
		{9A75F304-AF7C-4609-930B-96847B193A6A}.Debug|Any CPU.Build.0 = Debug|Any CPU
		{9A75F304-AF7C-4609-930B-96847B193A6A}.Release|Any CPU.ActiveCfg = Release|Any CPU
		{9A75F304-AF7C-4609-930B-96847B193A6A}.Release|Any CPU.Build.0 = Release|Any CPU
		{178255DB-5856-40FF-A2FA-D4B483F8CD79}.Debug|Any CPU.ActiveCfg = Debug|Any CPU
		{178255DB-5856-40FF-A2FA-D4B483F8CD79}.Debug|Any CPU.Build.0 = Debug|Any CPU
		{178255DB-5856-40FF-A2FA-D4B483F8CD79}.Release|Any CPU.ActiveCfg = Release|Any CPU
		{178255DB-5856-40FF-A2FA-D4B483F8CD79}.Release|Any CPU.Build.0 = Release|Any CPU
		{848668A7-04F7-4D0F-9571-5647C2381BA3}.Debug|Any CPU.ActiveCfg = Debug|Any CPU
		{848668A7-04F7-4D0F-9571-5647C2381BA3}.Debug|Any CPU.Build.0 = Debug|Any CPU
		{848668A7-04F7-4D0F-9571-5647C2381BA3}.Release|Any CPU.ActiveCfg = Release|Any CPU
		{848668A7-04F7-4D0F-9571-5647C2381BA3}.Release|Any CPU.Build.0 = Release|Any CPU
	EndGlobalSection
	GlobalSection(SolutionProperties) = preSolution
		HideSolutionNode = FALSE
	EndGlobalSection
	GlobalSection(NestedProjects) = preSolution
		{1EF339B3-6E57-4C3E-90C1-96FE3DF7B8A6} = {AA032824-EC5A-469F-A2E8-4EF84A928E86}
		{BC806584-2209-45FF-B479-5AAFC501B014} = {A80B7B8E-20A9-4BED-9633-BCF06468329D}
		{297CBBA6-ECCB-47B9-8060-654A3B256CA8} = {BC806584-2209-45FF-B479-5AAFC501B014}
		{34CD7951-56F8-4A68-BC0C-45C94B8E4B21} = {BC806584-2209-45FF-B479-5AAFC501B014}
		{DE4CE8FE-DA0E-41AF-8B05-D54B998798D6} = {BC806584-2209-45FF-B479-5AAFC501B014}
		{4F03BA42-7B5A-415F-9687-FEA404C47CC5} = {BC806584-2209-45FF-B479-5AAFC501B014}
		{FFED973C-8342-49D3-B8F3-434F73046DB4} = {14C093F7-820D-4313-9AF1-1BA6BE17CB9B}
		{AE057AF1-A72C-4E17-BA58-7F689F5656E9} = {FFED973C-8342-49D3-B8F3-434F73046DB4}
		{9A75F304-AF7C-4609-930B-96847B193A6A} = {FFED973C-8342-49D3-B8F3-434F73046DB4}
		{178255DB-5856-40FF-A2FA-D4B483F8CD79} = {FFED973C-8342-49D3-B8F3-434F73046DB4}
		{AA032824-EC5A-469F-A2E8-4EF84A928E86} = {A80B7B8E-20A9-4BED-9633-BCF06468329D}
		{832F591E-E0CB-4278-A6DC-40270E516F90} = {14C093F7-820D-4313-9AF1-1BA6BE17CB9B}
		{848668A7-04F7-4D0F-9571-5647C2381BA3} = {832F591E-E0CB-4278-A6DC-40270E516F90}
	EndGlobalSection
	GlobalSection(ExtensibilityGlobals) = postSolution
		SolutionGuid = {AF494CD7-6582-4336-BBF3-2411159F5AB0}
	EndGlobalSection
EndGlobal
